
Microsoft Visual Studio Solution File, Format Version 12.00
# Visual Studio 15
Project("{FAE04EC0-301F-11D3-BF4B-00C04F79EFBC}") = "Lands.Android", "Lands.Android\Lands.Android.csproj", "{473DE996-18A3-4F79-BC69-82B5D55FB008}"
EndProject
Project("{FAE04EC0-301F-11D3-BF4B-00C04F79EFBC}") = "Lands.iOS", "Lands.iOS\Lands.iOS.csproj", "{618224E2-877C-45C1-A597-41B33E73E3BE}"
EndProject
Project("{FAE04EC0-301F-11D3-BF4B-00C04F79EFBC}") = "Lands", "Lands\Lands.csproj", "{D387518A-8665-4992-BC2F-4104DCEA40D3}"
EndProject
Global
	GlobalSection(SolutionConfigurationPlatforms) = preSolution
		Debug|Any CPU = Debug|Any CPU
		Release|Any CPU = Release|Any CPU
		Debug|iPhoneSimulator = Debug|iPhoneSimulator
		Release|iPhoneSimulator = Release|iPhoneSimulator
		Debug|iPhone = Debug|iPhone
		Release|iPhone = Release|iPhone
	EndGlobalSection
	GlobalSection(ProjectConfigurationPlatforms) = postSolution
		{473DE996-18A3-4F79-BC69-82B5D55FB008}.Debug|Any CPU.ActiveCfg = Debug|Any CPU
		{473DE996-18A3-4F79-BC69-82B5D55FB008}.Debug|Any CPU.Build.0 = Debug|Any CPU
		{473DE996-18A3-4F79-BC69-82B5D55FB008}.Release|Any CPU.ActiveCfg = Release|Any CPU
		{473DE996-18A3-4F79-BC69-82B5D55FB008}.Release|Any CPU.Build.0 = Release|Any CPU
		{473DE996-18A3-4F79-BC69-82B5D55FB008}.Debug|iPhoneSimulator.ActiveCfg = Debug|Any CPU
		{473DE996-18A3-4F79-BC69-82B5D55FB008}.Debug|iPhoneSimulator.Build.0 = Debug|Any CPU
		{473DE996-18A3-4F79-BC69-82B5D55FB008}.Release|iPhoneSimulator.ActiveCfg = Release|Any CPU
		{473DE996-18A3-4F79-BC69-82B5D55FB008}.Release|iPhoneSimulator.Build.0 = Release|Any CPU
		{473DE996-18A3-4F79-BC69-82B5D55FB008}.Debug|iPhone.ActiveCfg = Debug|Any CPU
		{473DE996-18A3-4F79-BC69-82B5D55FB008}.Debug|iPhone.Build.0 = Debug|Any CPU
		{473DE996-18A3-4F79-BC69-82B5D55FB008}.Release|iPhone.ActiveCfg = Release|Any CPU
		{473DE996-18A3-4F79-BC69-82B5D55FB008}.Release|iPhone.Build.0 = Release|Any CPU
		{618224E2-877C-45C1-A597-41B33E73E3BE}.Debug|Any CPU.ActiveCfg = Debug|iPhoneSimulator
		{618224E2-877C-45C1-A597-41B33E73E3BE}.Debug|Any CPU.Build.0 = Debug|iPhoneSimulator
		{618224E2-877C-45C1-A597-41B33E73E3BE}.Release|Any CPU.ActiveCfg = Release|iPhoneSimulator
		{618224E2-877C-45C1-A597-41B33E73E3BE}.Release|Any CPU.Build.0 = Release|iPhoneSimulator
		{618224E2-877C-45C1-A597-41B33E73E3BE}.Debug|iPhoneSimulator.ActiveCfg = Debug|iPhoneSimulator
		{618224E2-877C-45C1-A597-41B33E73E3BE}.Debug|iPhoneSimulator.Build.0 = Debug|iPhoneSimulator
		{618224E2-877C-45C1-A597-41B33E73E3BE}.Release|iPhoneSimulator.ActiveCfg = Release|iPhoneSimulator
		{618224E2-877C-45C1-A597-41B33E73E3BE}.Release|iPhoneSimulator.Build.0 = Release|iPhoneSimulator
		{618224E2-877C-45C1-A597-41B33E73E3BE}.Debug|iPhone.ActiveCfg = Debug|iPhone
		{618224E2-877C-45C1-A597-41B33E73E3BE}.Debug|iPhone.Build.0 = Debug|iPhone
		{618224E2-877C-45C1-A597-41B33E73E3BE}.Release|iPhone.ActiveCfg = Release|iPhone
		{618224E2-877C-45C1-A597-41B33E73E3BE}.Release|iPhone.Build.0 = Release|iPhone
		{D387518A-8665-4992-BC2F-4104DCEA40D3}.Debug|Any CPU.ActiveCfg = Debug|Any CPU
		{D387518A-8665-4992-BC2F-4104DCEA40D3}.Debug|Any CPU.Build.0 = Debug|Any CPU
		{D387518A-8665-4992-BC2F-4104DCEA40D3}.Release|Any CPU.ActiveCfg = Release|Any CPU
		{D387518A-8665-4992-BC2F-4104DCEA40D3}.Release|Any CPU.Build.0 = Release|Any CPU
		{D387518A-8665-4992-BC2F-4104DCEA40D3}.Debug|iPhoneSimulator.ActiveCfg = Debug|Any CPU
		{D387518A-8665-4992-BC2F-4104DCEA40D3}.Debug|iPhoneSimulator.Build.0 = Debug|Any CPU
		{D387518A-8665-4992-BC2F-4104DCEA40D3}.Release|iPhoneSimulator.ActiveCfg = Release|Any CPU
		{D387518A-8665-4992-BC2F-4104DCEA40D3}.Release|iPhoneSimulator.Build.0 = Release|Any CPU
		{D387518A-8665-4992-BC2F-4104DCEA40D3}.Debug|iPhone.ActiveCfg = Debug|Any CPU
		{D387518A-8665-4992-BC2F-4104DCEA40D3}.Debug|iPhone.Build.0 = Debug|Any CPU
		{D387518A-8665-4992-BC2F-4104DCEA40D3}.Release|iPhone.ActiveCfg = Release|Any CPU
		{D387518A-8665-4992-BC2F-4104DCEA40D3}.Release|iPhone.Build.0 = Release|Any CPU
	EndGlobalSection
EndGlobal
